
Microsoft Visual Studio Solution File, Format Version 12.00
# Visual Studio Version 17
VisualStudioVersion = 17.8.34330.188
MinimumVisualStudioVersion = 10.0.40219.1
Project("{2150E333-8FDC-42A3-9474-1A3956D46DE8}") = "Solution Items", "Solution Items", "{C7F09A71-87A4-4B0F-A560-22F4F32081A4}"
	ProjectSection(SolutionItems) = preProject
		README.md = README.md
	EndProjectSection
EndProject
Project("{2150E333-8FDC-42A3-9474-1A3956D46DE8}") = "source", "source", "{E195BC06-5230-4554-B6EC-6CDD968C7A7E}"
EndProject
Project("{2150E333-8FDC-42A3-9474-1A3956D46DE8}") = "tests", "tests", "{B0AACD5A-E7A5-46D5-B129-3C14A9AC761B}"
EndProject
Project("{2150E333-8FDC-42A3-9474-1A3956D46DE8}") = "services", "services", "{2E85EF74-9F05-4D0E-9E08-AFF52DC3DD8A}"
EndProject
Project("{2150E333-8FDC-42A3-9474-1A3956D46DE8}") = "kernel", "kernel", "{1E5F3345-050B-4AA4-9B46-BB48A7E6F3A5}"
EndProject
Project("{9A19103F-16F7-4668-BE54-9A1E7A4F7556}") = "GSA.ServiceDefaults", "source\kernel\GSA.ServiceDefaults\GSA.ServiceDefaults.csproj", "{F445FFE4-3793-4223-B6DF-3A78087170DC}"
EndProject
Project("{2150E333-8FDC-42A3-9474-1A3956D46DE8}") = "pocs", "pocs", "{FF1E1459-F2EA-4C1F-8C00-7DB6AEFBAF91}"
EndProject
Project("{9A19103F-16F7-4668-BE54-9A1E7A4F7556}") = "GSA.POC.WebAPI", "pocs\GSA.POC.WebAPI\GSA.POC.WebAPI.csproj", "{648AE043-4418-49B8-B7F7-AB4A8C4AB9A0}"
EndProject
Project("{2150E333-8FDC-42A3-9474-1A3956D46DE8}") = "tools", "tools", "{44176466-A4DB-4302-8C40-295177C8D334}"
EndProject
Project("{9A19103F-16F7-4668-BE54-9A1E7A4F7556}") = "GSA.SolutionHost.AppHost", "tools\GSA.SolutionHost\GSA.SolutionHost.AppHost\GSA.SolutionHost.AppHost.csproj", "{10C47C5B-826A-4B9A-88DE-F746B079A124}"
	ProjectSection(ProjectDependencies) = postProject
		{5C163B34-6E7A-42CF-A404-2C78D34E7EDF} = {5C163B34-6E7A-42CF-A404-2C78D34E7EDF}
	EndProjectSection
EndProject
Project("{2150E333-8FDC-42A3-9474-1A3956D46DE8}") = "gateways", "gateways", "{2DA57E4F-A18A-41AD-8041-70E630308888}"
EndProject
Project("{9A19103F-16F7-4668-BE54-9A1E7A4F7556}") = "GSA.Game.BFF", "gateways\GSA.Game.BFF\GSA.Game.BFF.csproj", "{5C163B34-6E7A-42CF-A404-2C78D34E7EDF}"
EndProject
Project("{FAE04EC0-301F-11D3-BF4B-00C04F79EFBC}") = "GSA.ApplicationDefaults", "source\kernel\GSA.ApplicationDefaults\GSA.ApplicationDefaults.csproj", "{22E43336-E51C-4BD0-B28A-0D5138D67419}"
EndProject
Project("{FAE04EC0-301F-11D3-BF4B-00C04F79EFBC}") = "GSA.GameProfile.WebAPI", "source\services\GSA.GameProfile.WebAPI\GSA.GameProfile.WebAPI.csproj", "{BA7B8E05-5E65-4D52-AA27-D4D24A84462B}"
EndProject
Global
	GlobalSection(SolutionConfigurationPlatforms) = preSolution
		Debug|Any CPU = Debug|Any CPU
		Release|Any CPU = Release|Any CPU
	EndGlobalSection
	GlobalSection(ProjectConfigurationPlatforms) = postSolution
		{F445FFE4-3793-4223-B6DF-3A78087170DC}.Debug|Any CPU.ActiveCfg = Debug|Any CPU
		{F445FFE4-3793-4223-B6DF-3A78087170DC}.Debug|Any CPU.Build.0 = Debug|Any CPU
		{F445FFE4-3793-4223-B6DF-3A78087170DC}.Release|Any CPU.ActiveCfg = Release|Any CPU
		{F445FFE4-3793-4223-B6DF-3A78087170DC}.Release|Any CPU.Build.0 = Release|Any CPU
		{648AE043-4418-49B8-B7F7-AB4A8C4AB9A0}.Debug|Any CPU.ActiveCfg = Debug|Any CPU
		{648AE043-4418-49B8-B7F7-AB4A8C4AB9A0}.Debug|Any CPU.Build.0 = Debug|Any CPU
		{648AE043-4418-49B8-B7F7-AB4A8C4AB9A0}.Release|Any CPU.ActiveCfg = Release|Any CPU
		{648AE043-4418-49B8-B7F7-AB4A8C4AB9A0}.Release|Any CPU.Build.0 = Release|Any CPU
		{10C47C5B-826A-4B9A-88DE-F746B079A124}.Debug|Any CPU.ActiveCfg = Debug|Any CPU
		{10C47C5B-826A-4B9A-88DE-F746B079A124}.Debug|Any CPU.Build.0 = Debug|Any CPU
		{10C47C5B-826A-4B9A-88DE-F746B079A124}.Release|Any CPU.ActiveCfg = Release|Any CPU
		{10C47C5B-826A-4B9A-88DE-F746B079A124}.Release|Any CPU.Build.0 = Release|Any CPU
		{5C163B34-6E7A-42CF-A404-2C78D34E7EDF}.Debug|Any CPU.ActiveCfg = Debug|Any CPU
		{5C163B34-6E7A-42CF-A404-2C78D34E7EDF}.Debug|Any CPU.Build.0 = Debug|Any CPU
		{5C163B34-6E7A-42CF-A404-2C78D34E7EDF}.Release|Any CPU.ActiveCfg = Release|Any CPU
		{5C163B34-6E7A-42CF-A404-2C78D34E7EDF}.Release|Any CPU.Build.0 = Release|Any CPU
		{22E43336-E51C-4BD0-B28A-0D5138D67419}.Debug|Any CPU.ActiveCfg = Debug|Any CPU
		{22E43336-E51C-4BD0-B28A-0D5138D67419}.Debug|Any CPU.Build.0 = Debug|Any CPU
		{22E43336-E51C-4BD0-B28A-0D5138D67419}.Release|Any CPU.ActiveCfg = Release|Any CPU
		{22E43336-E51C-4BD0-B28A-0D5138D67419}.Release|Any CPU.Build.0 = Release|Any CPU
		{BA7B8E05-5E65-4D52-AA27-D4D24A84462B}.Debug|Any CPU.ActiveCfg = Debug|Any CPU
		{BA7B8E05-5E65-4D52-AA27-D4D24A84462B}.Debug|Any CPU.Build.0 = Debug|Any CPU
		{BA7B8E05-5E65-4D52-AA27-D4D24A84462B}.Release|Any CPU.ActiveCfg = Release|Any CPU
		{BA7B8E05-5E65-4D52-AA27-D4D24A84462B}.Release|Any CPU.Build.0 = Release|Any CPU
	EndGlobalSection
	GlobalSection(SolutionProperties) = preSolution
		HideSolutionNode = FALSE
	EndGlobalSection
	GlobalSection(NestedProjects) = preSolution
		{2E85EF74-9F05-4D0E-9E08-AFF52DC3DD8A} = {E195BC06-5230-4554-B6EC-6CDD968C7A7E}
		{1E5F3345-050B-4AA4-9B46-BB48A7E6F3A5} = {E195BC06-5230-4554-B6EC-6CDD968C7A7E}
		{F445FFE4-3793-4223-B6DF-3A78087170DC} = {1E5F3345-050B-4AA4-9B46-BB48A7E6F3A5}
		{648AE043-4418-49B8-B7F7-AB4A8C4AB9A0} = {FF1E1459-F2EA-4C1F-8C00-7DB6AEFBAF91}
		{44176466-A4DB-4302-8C40-295177C8D334} = {E195BC06-5230-4554-B6EC-6CDD968C7A7E}
		{10C47C5B-826A-4B9A-88DE-F746B079A124} = {44176466-A4DB-4302-8C40-295177C8D334}
		{2DA57E4F-A18A-41AD-8041-70E630308888} = {E195BC06-5230-4554-B6EC-6CDD968C7A7E}
		{5C163B34-6E7A-42CF-A404-2C78D34E7EDF} = {2DA57E4F-A18A-41AD-8041-70E630308888}
		{22E43336-E51C-4BD0-B28A-0D5138D67419} = {1E5F3345-050B-4AA4-9B46-BB48A7E6F3A5}
		{BA7B8E05-5E65-4D52-AA27-D4D24A84462B} = {2E85EF74-9F05-4D0E-9E08-AFF52DC3DD8A}
	EndGlobalSection
	GlobalSection(ExtensibilityGlobals) = postSolution
		SolutionGuid = {1F039624-C153-41B3-9139-F01B59A018DC}
	EndGlobalSection
EndGlobal
